
Microsoft Visual Studio Solution File, Format Version 12.00
# Visual Studio Version 17
VisualStudioVersion = 17.3.32811.315
MinimumVisualStudioVersion = 10.0.40219.1
Project("{FAE04EC0-301F-11D3-BF4B-00C04F79EFBC}") = "PersonalAccounting", "PersonalAccounting\PersonalAccounting.csproj", "{4D868204-A02B-493C-A115-7B0FA5D91BAC}"
EndProject
Global
	GlobalSection(SolutionConfigurationPlatforms) = preSolution
		Debug|Any CPU = Debug|Any CPU
		Release|Any CPU = Release|Any CPU
	EndGlobalSection
	GlobalSection(ProjectConfigurationPlatforms) = postSolution
		{4D868204-A02B-493C-A115-7B0FA5D91BAC}.Debug|Any CPU.ActiveCfg = Debug|Any CPU
		{4D868204-A02B-493C-A115-7B0FA5D91BAC}.Debug|Any CPU.Build.0 = Debug|Any CPU
		{4D868204-A02B-493C-A115-7B0FA5D91BAC}.Release|Any CPU.ActiveCfg = Release|Any CPU
		{4D868204-A02B-493C-A115-7B0FA5D91BAC}.Release|Any CPU.Build.0 = Release|Any CPU
	EndGlobalSection
	GlobalSection(SolutionProperties) = preSolution
		HideSolutionNode = FALSE
	EndGlobalSection
	GlobalSection(ExtensibilityGlobals) = postSolution
		SolutionGuid = {1A6F8B2D-AB8D-4C9E-AC25-899312BCCB79}
	EndGlobalSection
EndGlobal
